
Microsoft Visual Studio Solution File, Format Version 12.00
# Visual Studio Version 16
VisualStudioVersion = 16.0.809.6
MinimumVisualStudioVersion = 10.0.40219.1
Project("{FAE04EC0-301F-11D3-BF4B-00C04F79EFBC}") = "Chino.iOS", "Chino.iOS\Chino.iOS.csproj", "{52CD6C7F-7D27-459C-8A59-CD66385E6F95}"
EndProject
Project("{FAE04EC0-301F-11D3-BF4B-00C04F79EFBC}") = "Chino.Android", "Chino.Android\Chino.Android.csproj", "{D5755F55-40E5-4EA3-B74F-C1FC03C39EBB}"
EndProject
Project("{FAE04EC0-301F-11D3-BF4B-00C04F79EFBC}") = "Sample.Android", "Sample.Android\Sample.Android.csproj", "{A5BBCAFB-FFEA-4074-A93D-D603EE20D3C4}"
EndProject
Project("{FAE04EC0-301F-11D3-BF4B-00C04F79EFBC}") = "Sample.iOS", "Sample.iOS\Sample.iOS.csproj", "{EE98CFF7-DE0D-4ED9-AC0C-1FE3CC820A79}"
EndProject
Project("{2150E333-8FDC-42A3-9474-1A3956D46DE8}") = "Solution Items", "Solution Items", "{04FF8576-568D-444B-AB21-AB4F43ED5416}"
	ProjectSection(SolutionItems) = preProject
		Nuget.config = Nuget.config
	EndProjectSection
EndProject
Project("{FAE04EC0-301F-11D3-BF4B-00C04F79EFBC}") = "Chino.Common", "Chino.Common\Chino.Common.csproj", "{F5D65FC0-BD93-49BE-8B26-D7E7D73BC0E2}"
EndProject
Project("{FAE04EC0-301F-11D3-BF4B-00C04F79EFBC}") = "Chino.Common.Tests", "Chino.Common.Tests\Chino.Common.Tests.csproj", "{AE7A7AD0-6272-4B7C-AEA9-8FB01C65E7CE}"
EndProject
Project("{FAE04EC0-301F-11D3-BF4B-00C04F79EFBC}") = "Sample.Common", "Sample.Common\Sample.Common.csproj", "{2069B89B-21FE-4343-A472-C4A6A59B47B6}"
EndProject
Global
	GlobalSection(SolutionConfigurationPlatforms) = preSolution
		Debug|Any CPU = Debug|Any CPU
		Release|Any CPU = Release|Any CPU
		Debug|iPhoneSimulator = Debug|iPhoneSimulator
		Release|iPhoneSimulator = Release|iPhoneSimulator
		Debug|iPhone = Debug|iPhone
		Release|iPhone = Release|iPhone
	EndGlobalSection
	GlobalSection(ProjectConfigurationPlatforms) = postSolution
		{52CD6C7F-7D27-459C-8A59-CD66385E6F95}.Debug|Any CPU.ActiveCfg = Debug|Any CPU
		{52CD6C7F-7D27-459C-8A59-CD66385E6F95}.Debug|Any CPU.Build.0 = Debug|Any CPU
		{52CD6C7F-7D27-459C-8A59-CD66385E6F95}.Release|Any CPU.ActiveCfg = Release|Any CPU
		{52CD6C7F-7D27-459C-8A59-CD66385E6F95}.Release|Any CPU.Build.0 = Release|Any CPU
		{52CD6C7F-7D27-459C-8A59-CD66385E6F95}.Debug|iPhoneSimulator.ActiveCfg = Debug|Any CPU
		{52CD6C7F-7D27-459C-8A59-CD66385E6F95}.Debug|iPhoneSimulator.Build.0 = Debug|Any CPU
		{52CD6C7F-7D27-459C-8A59-CD66385E6F95}.Release|iPhoneSimulator.ActiveCfg = Release|Any CPU
		{52CD6C7F-7D27-459C-8A59-CD66385E6F95}.Release|iPhoneSimulator.Build.0 = Release|Any CPU
		{52CD6C7F-7D27-459C-8A59-CD66385E6F95}.Debug|iPhone.ActiveCfg = Debug|Any CPU
		{52CD6C7F-7D27-459C-8A59-CD66385E6F95}.Debug|iPhone.Build.0 = Debug|Any CPU
		{52CD6C7F-7D27-459C-8A59-CD66385E6F95}.Release|iPhone.ActiveCfg = Release|Any CPU
		{52CD6C7F-7D27-459C-8A59-CD66385E6F95}.Release|iPhone.Build.0 = Release|Any CPU
		{D5755F55-40E5-4EA3-B74F-C1FC03C39EBB}.Debug|Any CPU.ActiveCfg = Debug|Any CPU
		{D5755F55-40E5-4EA3-B74F-C1FC03C39EBB}.Debug|Any CPU.Build.0 = Debug|Any CPU
		{D5755F55-40E5-4EA3-B74F-C1FC03C39EBB}.Release|Any CPU.ActiveCfg = Release|Any CPU
		{D5755F55-40E5-4EA3-B74F-C1FC03C39EBB}.Release|Any CPU.Build.0 = Release|Any CPU
		{D5755F55-40E5-4EA3-B74F-C1FC03C39EBB}.Debug|iPhoneSimulator.ActiveCfg = Debug|Any CPU
		{D5755F55-40E5-4EA3-B74F-C1FC03C39EBB}.Debug|iPhoneSimulator.Build.0 = Debug|Any CPU
		{D5755F55-40E5-4EA3-B74F-C1FC03C39EBB}.Release|iPhoneSimulator.ActiveCfg = Release|Any CPU
		{D5755F55-40E5-4EA3-B74F-C1FC03C39EBB}.Release|iPhoneSimulator.Build.0 = Release|Any CPU
		{D5755F55-40E5-4EA3-B74F-C1FC03C39EBB}.Debug|iPhone.ActiveCfg = Debug|Any CPU
		{D5755F55-40E5-4EA3-B74F-C1FC03C39EBB}.Debug|iPhone.Build.0 = Debug|Any CPU
		{D5755F55-40E5-4EA3-B74F-C1FC03C39EBB}.Release|iPhone.ActiveCfg = Release|Any CPU
		{D5755F55-40E5-4EA3-B74F-C1FC03C39EBB}.Release|iPhone.Build.0 = Release|Any CPU
		{A5BBCAFB-FFEA-4074-A93D-D603EE20D3C4}.Debug|Any CPU.ActiveCfg = Debug|Any CPU
		{A5BBCAFB-FFEA-4074-A93D-D603EE20D3C4}.Debug|Any CPU.Build.0 = Debug|Any CPU
		{A5BBCAFB-FFEA-4074-A93D-D603EE20D3C4}.Release|Any CPU.ActiveCfg = Release|Any CPU
		{A5BBCAFB-FFEA-4074-A93D-D603EE20D3C4}.Release|Any CPU.Build.0 = Release|Any CPU
		{A5BBCAFB-FFEA-4074-A93D-D603EE20D3C4}.Debug|iPhoneSimulator.ActiveCfg = Debug|Any CPU
		{A5BBCAFB-FFEA-4074-A93D-D603EE20D3C4}.Debug|iPhoneSimulator.Build.0 = Debug|Any CPU
		{A5BBCAFB-FFEA-4074-A93D-D603EE20D3C4}.Release|iPhoneSimulator.ActiveCfg = Release|Any CPU
		{A5BBCAFB-FFEA-4074-A93D-D603EE20D3C4}.Release|iPhoneSimulator.Build.0 = Release|Any CPU
		{A5BBCAFB-FFEA-4074-A93D-D603EE20D3C4}.Debug|iPhone.ActiveCfg = Debug|Any CPU
		{A5BBCAFB-FFEA-4074-A93D-D603EE20D3C4}.Debug|iPhone.Build.0 = Debug|Any CPU
		{A5BBCAFB-FFEA-4074-A93D-D603EE20D3C4}.Release|iPhone.ActiveCfg = Release|Any CPU
		{A5BBCAFB-FFEA-4074-A93D-D603EE20D3C4}.Release|iPhone.Build.0 = Release|Any CPU
		{EE98CFF7-DE0D-4ED9-AC0C-1FE3CC820A79}.Debug|Any CPU.ActiveCfg = Debug|iPhoneSimulator
		{EE98CFF7-DE0D-4ED9-AC0C-1FE3CC820A79}.Debug|Any CPU.Build.0 = Debug|iPhoneSimulator
		{EE98CFF7-DE0D-4ED9-AC0C-1FE3CC820A79}.Release|Any CPU.ActiveCfg = Release|iPhoneSimulator
		{EE98CFF7-DE0D-4ED9-AC0C-1FE3CC820A79}.Release|Any CPU.Build.0 = Release|iPhoneSimulator
		{EE98CFF7-DE0D-4ED9-AC0C-1FE3CC820A79}.Debug|iPhoneSimulator.ActiveCfg = Debug|iPhoneSimulator
		{EE98CFF7-DE0D-4ED9-AC0C-1FE3CC820A79}.Debug|iPhoneSimulator.Build.0 = Debug|iPhoneSimulator
		{EE98CFF7-DE0D-4ED9-AC0C-1FE3CC820A79}.Release|iPhoneSimulator.ActiveCfg = Release|iPhoneSimulator
		{EE98CFF7-DE0D-4ED9-AC0C-1FE3CC820A79}.Release|iPhoneSimulator.Build.0 = Release|iPhoneSimulator
		{EE98CFF7-DE0D-4ED9-AC0C-1FE3CC820A79}.Debug|iPhone.ActiveCfg = Debug|iPhone
		{EE98CFF7-DE0D-4ED9-AC0C-1FE3CC820A79}.Debug|iPhone.Build.0 = Debug|iPhone
		{EE98CFF7-DE0D-4ED9-AC0C-1FE3CC820A79}.Release|iPhone.ActiveCfg = Release|iPhone
		{EE98CFF7-DE0D-4ED9-AC0C-1FE3CC820A79}.Release|iPhone.Build.0 = Release|iPhone
		{F5D65FC0-BD93-49BE-8B26-D7E7D73BC0E2}.Debug|Any CPU.ActiveCfg = Debug|Any CPU
		{F5D65FC0-BD93-49BE-8B26-D7E7D73BC0E2}.Debug|Any CPU.Build.0 = Debug|Any CPU
		{F5D65FC0-BD93-49BE-8B26-D7E7D73BC0E2}.Release|Any CPU.ActiveCfg = Release|Any CPU
		{F5D65FC0-BD93-49BE-8B26-D7E7D73BC0E2}.Release|Any CPU.Build.0 = Release|Any CPU
		{F5D65FC0-BD93-49BE-8B26-D7E7D73BC0E2}.Debug|iPhoneSimulator.ActiveCfg = Debug|Any CPU
		{F5D65FC0-BD93-49BE-8B26-D7E7D73BC0E2}.Debug|iPhoneSimulator.Build.0 = Debug|Any CPU
		{F5D65FC0-BD93-49BE-8B26-D7E7D73BC0E2}.Release|iPhoneSimulator.ActiveCfg = Release|Any CPU
		{F5D65FC0-BD93-49BE-8B26-D7E7D73BC0E2}.Release|iPhoneSimulator.Build.0 = Release|Any CPU
		{F5D65FC0-BD93-49BE-8B26-D7E7D73BC0E2}.Debug|iPhone.ActiveCfg = Debug|Any CPU
		{F5D65FC0-BD93-49BE-8B26-D7E7D73BC0E2}.Debug|iPhone.Build.0 = Debug|Any CPU
		{F5D65FC0-BD93-49BE-8B26-D7E7D73BC0E2}.Release|iPhone.ActiveCfg = Release|Any CPU
		{F5D65FC0-BD93-49BE-8B26-D7E7D73BC0E2}.Release|iPhone.Build.0 = Release|Any CPU
		{AE7A7AD0-6272-4B7C-AEA9-8FB01C65E7CE}.Debug|Any CPU.ActiveCfg = Debug|Any CPU
		{AE7A7AD0-6272-4B7C-AEA9-8FB01C65E7CE}.Debug|Any CPU.Build.0 = Debug|Any CPU
		{AE7A7AD0-6272-4B7C-AEA9-8FB01C65E7CE}.Release|Any CPU.ActiveCfg = Release|Any CPU
		{AE7A7AD0-6272-4B7C-AEA9-8FB01C65E7CE}.Release|Any CPU.Build.0 = Release|Any CPU
		{AE7A7AD0-6272-4B7C-AEA9-8FB01C65E7CE}.Debug|iPhoneSimulator.ActiveCfg = Debug|Any CPU
		{AE7A7AD0-6272-4B7C-AEA9-8FB01C65E7CE}.Debug|iPhoneSimulator.Build.0 = Debug|Any CPU
		{AE7A7AD0-6272-4B7C-AEA9-8FB01C65E7CE}.Release|iPhoneSimulator.ActiveCfg = Release|Any CPU
		{AE7A7AD0-6272-4B7C-AEA9-8FB01C65E7CE}.Release|iPhoneSimulator.Build.0 = Release|Any CPU
		{AE7A7AD0-6272-4B7C-AEA9-8FB01C65E7CE}.Debug|iPhone.ActiveCfg = Debug|Any CPU
		{AE7A7AD0-6272-4B7C-AEA9-8FB01C65E7CE}.Debug|iPhone.Build.0 = Debug|Any CPU
		{AE7A7AD0-6272-4B7C-AEA9-8FB01C65E7CE}.Release|iPhone.ActiveCfg = Release|Any CPU
		{AE7A7AD0-6272-4B7C-AEA9-8FB01C65E7CE}.Release|iPhone.Build.0 = Release|Any CPU
		{2069B89B-21FE-4343-A472-C4A6A59B47B6}.Debug|Any CPU.ActiveCfg = Debug|Any CPU
		{2069B89B-21FE-4343-A472-C4A6A59B47B6}.Debug|Any CPU.Build.0 = Debug|Any CPU
		{2069B89B-21FE-4343-A472-C4A6A59B47B6}.Release|Any CPU.ActiveCfg = Release|Any CPU
		{2069B89B-21FE-4343-A472-C4A6A59B47B6}.Release|Any CPU.Build.0 = Release|Any CPU
		{2069B89B-21FE-4343-A472-C4A6A59B47B6}.Debug|iPhoneSimulator.ActiveCfg = Debug|Any CPU
		{2069B89B-21FE-4343-A472-C4A6A59B47B6}.Debug|iPhoneSimulator.Build.0 = Debug|Any CPU
		{2069B89B-21FE-4343-A472-C4A6A59B47B6}.Release|iPhoneSimulator.ActiveCfg = Release|Any CPU
		{2069B89B-21FE-4343-A472-C4A6A59B47B6}.Release|iPhoneSimulator.Build.0 = Release|Any CPU
		{2069B89B-21FE-4343-A472-C4A6A59B47B6}.Debug|iPhone.ActiveCfg = Debug|Any CPU
		{2069B89B-21FE-4343-A472-C4A6A59B47B6}.Debug|iPhone.Build.0 = Debug|Any CPU
		{2069B89B-21FE-4343-A472-C4A6A59B47B6}.Release|iPhone.ActiveCfg = Release|Any CPU
		{2069B89B-21FE-4343-A472-C4A6A59B47B6}.Release|iPhone.Build.0 = Release|Any CPU
	EndGlobalSection
	GlobalSection(SolutionProperties) = preSolution
		HideSolutionNode = FALSE
	EndGlobalSection
	GlobalSection(ExtensibilityGlobals) = postSolution
		SolutionGuid = {B70BC5B0-C4B2-471F-B9F2-F04C80634499}
	EndGlobalSection
EndGlobal
